# THIS IS AN AUTOGENERATED FILE. DO NOT EDIT THIS FILE DIRECTLY.
# yarn lockfile v1


"@a-team/note-utils@0.5.1-0":
  version "0.5.1-0"
  resolved "http://npm.kroger.com/@a-team%2fnote-utils/-/note-utils-0.5.1-0.tgz#c86d9bc30415e5eae6b65881c541f1cb6749100c"
  integrity sha512-IAcV48pATOxGUVPgZimqxP95TIPjj5ZYZjy3Zo37rtG7qj2J8XCypfHa956/yjK3DAR9VTtLTR7SU2uVKO26pA==

prettier@^2.1.1:
  version "2.1.1"
  resolved "https://artifactory.kroger.com/artifactory/api/npm/npm-repo/prettier/-/prettier-2.1.1.tgz#d9485dd5e499daa6cb547023b87a6cf51bee37d6"
  integrity sha1-2Uhd1eSZ2qbLVHAjuHps9RvuN9Y=
