# THIS IS AN AUTOGENERATED FILE. DO NOT EDIT THIS FILE DIRECTLY.
# yarn lockfile v1


"@a-team/note-utils@0.4.0-0":
  version "0.4.0-0"
  resolved "http://npm.kroger.com/@a-team%2fnote-utils/-/note-utils-0.4.0-0.tgz#b0ce7dbf8c86dcaaa94254036299d38750afd9f9"
  integrity sha512-bh1kn4Qp0dmGNuXWKkHSl1Vw/aaIqJDK30vaueB9mDMNwwp17fSRTqb06wtmYdLHKvQB7uGlW858Jm0GvHvOyg==

prettier@^2.1.1:
  version "2.1.1"
  resolved "https://artifactory.kroger.com/artifactory/api/npm/npm-repo/prettier/-/prettier-2.1.1.tgz#d9485dd5e499daa6cb547023b87a6cf51bee37d6"
  integrity sha1-2Uhd1eSZ2qbLVHAjuHps9RvuN9Y=
