# This file is generated by running "yarn install" inside your project.
# Manual changes might be lost - proceed with caution!

__metadata:
  version: 6
  cacheKey: 8

"@a-team/note-utils@npm:1.40.0":
  version: 1.40.0
  resolution: "@a-team/note-utils@npm:1.40.0::__archiveUrl=https%3A%2F%2Fkrogertechnology.jfrog.io%2Fartifactory%2Fapi%2Fnpm%2Fnpm-repo%2F%40a-team%2Fnote-utils%2F-%2F%40a-team%2Fnote-utils-1.40.0.tgz"
  bin:
    note-utils: ./src/index.sh
  checksum: 4ffe2459e31a35c9e4e4930dd8eb2ad73232e46c6565135cdbebe577b59caadd3f1bcda6db9c2f55172127d177e1c785a3c669935ca69e61eb86a186b1bc6c8e
  languageName: node
  linkType: hard

"@a-team/types@npm:4.226.1":
  version: 4.226.1
  resolution: "@a-team/types@npm:4.226.1"
  dependencies:
    "@types/opossum": ^4.3.0
    "@types/redis": 2.8.13
    axios: ~0.21.1
    cookies: 0.7.3
    echo-client: 2.0.0
    jose: ^1.28.1
    koa: 2.8.1
    koa-router: 7.4.0
    opossum: 5.1.3
    type-fest: ^0.20.2
    winston: 3.2.1
  checksum: af41bb5216348d9081eebd590e9d6609316bc65681368724564cb8b29776b5759d3e9419d20d3af7c7c322ec968396447e287bf80949a285d8f9f28f8a5542f3
  languageName: node
  linkType: hard

"@colors/colors@npm:1.5.0":
  version: 1.5.0
  resolution: "@colors/colors@npm:1.5.0"
  checksum: d64d5260bed1d5012ae3fc617d38d1afc0329fec05342f4e6b838f46998855ba56e0a73833f4a80fa8378c84810da254f76a8a19c39d038260dc06dc4e007425
  languageName: node
  linkType: hard

"@panva/asn1.js@npm:^1.0.0":
  version: 1.0.0
  resolution: "@panva/asn1.js@npm:1.0.0"
  checksum: cb6bcc1918a7f08e81e7d7f5bde83c20a66b30248ddc3ef10b1612e0e0b9f722c2b07ca6b586a089a49c1b6cfb29d63fdd23d4bc00c8cc40538b5595bec66d7d
  languageName: node
  linkType: hard

"@types/node@npm:*":
  version: 15.12.2
  resolution: "@types/node@npm:15.12.2"
  checksum: 0dff080f306e4d5cd968bd43315238a227b1f54f4bb59fa9cee976535678f00755834c0288315029ae12f78b3db43efb5bfb700cf8aae882f184eb700229f974
  languageName: node
  linkType: hard

"@types/opossum@npm:^4.3.0":
  version: 4.3.0
  resolution: "@types/opossum@npm:4.3.0"
  checksum: ab8a10b74ff9a3997894d2f84889d5ea34ecea75109897091f4092a672e5564b2892cfc45bc0f224637fc2e8057671dd2238371d2f380a6fab5e618a1f7807cc
  languageName: node
  linkType: hard

"@types/redis@npm:2.8.13":
  version: 2.8.13
  resolution: "@types/redis@npm:2.8.13"
  dependencies:
    "@types/node": "*"
  checksum: 1a9b43973413e3d6bf663f556df6c6d1598544ea40af29ec5fd32654806bd6652ffe374c5ea4292555b786db639d5f05fae0a41c565a679d2712be34b87fedab
  languageName: node
  linkType: hard

"accepts@npm:^1.3.5":
  version: 1.3.7
  resolution: "accepts@npm:1.3.7"
  dependencies:
    mime-types: ~2.1.24
    negotiator: 0.6.2
  checksum: 27fc8060ffc69481ff6719cd3ee06387d2b88381cb0ce626f087781bbd02201a645a9febc8e7e7333558354b33b1d2f922ad13560be4ec1b7ba9e76fc1c1241d
  languageName: node
  linkType: hard

"any-promise@npm:^1.1.0":
  version: 1.3.0
  resolution: "any-promise@npm:1.3.0"
  checksum: 0ee8a9bdbe882c90464d75d1f55cf027f5458650c4bd1f0467e65aec38ccccda07ca5844969ee77ed46d04e7dded3eaceb027e8d32f385688523fe305fa7e1de
  languageName: node
  linkType: hard

"async@npm:^2.6.1":
  version: 2.6.3
  resolution: "async@npm:2.6.3"
  dependencies:
    lodash: ^4.17.14
  checksum: 5e5561ff8fca807e88738533d620488ac03a5c43fce6c937451f7e35f943d33ad06c24af3f681a48cca3d2b0002b3118faff0a128dc89438a9bf0226f712c499
  languageName: node
  linkType: hard

"axios@npm:~0.21.1":
  version: 0.21.1
  resolution: "axios@npm:0.21.1"
  dependencies:
    follow-redirects: ^1.10.0
  checksum: c87915fa0b18c15c63350112b6b3563a3e2ae524d7707de0a73d2e065e0d30c5d3da8563037bc29d4cc1b7424b5a350cb7274fa52525c6c04a615fe561c6ab11
  languageName: node
  linkType: hard

"babel-runtime@npm:^6.23.0":
  version: 6.26.0
  resolution: "babel-runtime@npm:6.26.0"
  dependencies:
    core-js: ^2.4.0
    regenerator-runtime: ^0.11.0
  checksum: 8aeade94665e67a73c1ccc10f6fd42ba0c689b980032b70929de7a6d9a12eb87ef51902733f8fefede35afea7a5c3ef7e916a64d503446c1eedc9e3284bd3d50
  languageName: node
  linkType: hard

"cache-content-type@npm:^1.0.0":
  version: 1.0.1
  resolution: "cache-content-type@npm:1.0.1"
  dependencies:
    mime-types: ^2.1.18
    ylru: ^1.2.0
  checksum: 18db4d59452669ccbfd7146a1510a37eb28e9eccf18ca7a4eb603dff2edc5cccdca7498fc3042a2978f76f11151fba486eb9eb69d9afa3fb124957870aef4fd3
  languageName: node
  linkType: hard

"co@npm:^4.6.0":
  version: 4.6.0
  resolution: "co@npm:4.6.0"
  checksum: 5210d9223010eb95b29df06a91116f2cf7c8e0748a9013ed853b53f362ea0e822f1e5bb054fb3cefc645239a4cf966af1f6133a3b43f40d591f3b68ed6cf0510
  languageName: node
  linkType: hard

"color-convert@npm:^1.9.1":
  version: 1.9.3
  resolution: "color-convert@npm:1.9.3"
  dependencies:
    color-name: 1.1.3
  checksum: fd7a64a17cde98fb923b1dd05c5f2e6f7aefda1b60d67e8d449f9328b4e53b228a428fd38bfeaeb2db2ff6b6503a776a996150b80cdf224062af08a5c8a3a203
  languageName: node
  linkType: hard

"color-name@npm:1.1.3":
  version: 1.1.3
  resolution: "color-name@npm:1.1.3"
  checksum: 09c5d3e33d2105850153b14466501f2bfb30324a2f76568a408763a3b7433b0e50e5b4ab1947868e65cb101bb7cb75029553f2c333b6d4b8138a73fcc133d69d
  languageName: node
  linkType: hard

"color-name@npm:^1.0.0":
  version: 1.1.4
  resolution: "color-name@npm:1.1.4"
  checksum: b0445859521eb4021cd0fb0cc1a75cecf67fceecae89b63f62b201cca8d345baf8b952c966862a9d9a2632987d4f6581f0ec8d957dfacece86f0a7919316f610
  languageName: node
  linkType: hard

"color-string@npm:^1.5.2":
  version: 1.5.5
  resolution: "color-string@npm:1.5.5"
  dependencies:
    color-name: ^1.0.0
    simple-swizzle: ^0.2.2
  checksum: 4f19c2042c8953973a3c71a53e53da9fa54194cc1e0270bdbe431b14476b3faed054eb1c960910a8c2b631e7c67daccf79f8579eaa2d16dc99c3739c66f98ab1
  languageName: node
  linkType: hard

"color@npm:3.0.x":
  version: 3.0.0
  resolution: "color@npm:3.0.0"
  dependencies:
    color-convert: ^1.9.1
    color-string: ^1.5.2
  checksum: 273fe5d4c2a322dbc0e184ef6c891cbefefa11af7c6a8ed6001ff6986af747038cf3258bd4f4b715415f287c556efc8d1f0368bc02240877610ae1d427887537
  languageName: node
  linkType: hard

"colornames@npm:^1.1.1":
  version: 1.1.1
  resolution: "colornames@npm:1.1.1"
  checksum: a97df66bde2a0efb592870f790bae2ffcbf2f9e30c0064783a2941be6713f0ac2acfa3bf1baf70bb423d99526f4fc761bf311fac94aa18ed642d77932352f864
  languageName: node
  linkType: hard

"colors@npm:^1.2.1":
  version: 1.4.0
  resolution: "colors@npm:1.4.0"
  checksum: 98aa2c2418ad87dedf25d781be69dc5fc5908e279d9d30c34d8b702e586a0474605b3a189511482b9d5ed0d20c867515d22749537f7bc546256c6014f3ebdcec
  languageName: node
  linkType: hard

"colorspace@npm:1.1.x":
  version: 1.1.2
  resolution: "colorspace@npm:1.1.2"
  dependencies:
    color: 3.0.x
    text-hex: 1.0.x
  checksum: a959ec1669176aa72185067b7d04dae1cef2698456e1a452a035ce8adcac95673fbb1547e3240903355bcbaa67e031cca0b8b4f7d42c256b3dd94dcead8e1405
  languageName: node
  linkType: hard

"content-disposition@npm:~0.5.2":
  version: 0.5.3
  resolution: "content-disposition@npm:0.5.3"
  dependencies:
    safe-buffer: 5.1.2
  checksum: 95bf164c0b0b8199d3f44b7631e51b37f683c6a90b9baa4315bd3d405a6d1bc81b7346f0981046aa004331fb3d7a28b629514d01fc209a5251573fc7e4d33380
  languageName: node
  linkType: hard

"content-type@npm:^1.0.4":
  version: 1.0.4
  resolution: "content-type@npm:1.0.4"
  checksum: 3d93585fda985d1554eca5ebd251994327608d2e200978fdbfba21c0c679914d5faf266d17027de44b34a72c7b0745b18584ecccaa7e1fdfb6a68ac7114f12e0
  languageName: node
  linkType: hard

"cookies@npm:0.7.3, cookies@npm:~0.7.1":
  version: 0.7.3
  resolution: "cookies@npm:0.7.3"
  dependencies:
    depd: ~1.1.2
    keygrip: ~1.0.3
  checksum: 537f1a82c76c1487b23f5d97ddff748ef8e25ee625d2e7eb79bbfa6e35d6dd5bf758f17088f333c69b7f5568539f98aa0b6270f21e27fe31797344e2008f3efb
  languageName: node
  linkType: hard

"core-js@npm:^2.4.0":
  version: 2.6.12
  resolution: "core-js@npm:2.6.12"
  checksum: 44fa9934a85f8c78d61e0c8b7b22436330471ffe59ec5076fe7f324d6e8cf7f824b14b1c81ca73608b13bdb0fef035bd820989bf059767ad6fa13123bb8bd016
  languageName: node
  linkType: hard

"core-util-is@npm:~1.0.0":
  version: 1.0.2
  resolution: "core-util-is@npm:1.0.2"
  checksum: 7a4c925b497a2c91421e25bf76d6d8190f0b2359a9200dbeed136e63b2931d6294d3b1893eda378883ed363cd950f44a12a401384c609839ea616befb7927dab
  languageName: node
  linkType: hard

"debug@npm:^2.6.1":
  version: 2.6.9
  resolution: "debug@npm:2.6.9"
  dependencies:
    ms: 2.0.0
  checksum: d2f51589ca66df60bf36e1fa6e4386b318c3f1e06772280eea5b1ae9fd3d05e9c2b7fd8a7d862457d00853c75b00451aa2d7459b924629ee385287a650f58fe6
  languageName: node
  linkType: hard

"debug@npm:^3.1.0":
  version: 3.2.7
  resolution: "debug@npm:3.2.7"
  dependencies:
    ms: ^2.1.1
  checksum: b3d8c5940799914d30314b7c3304a43305fd0715581a919dacb8b3176d024a782062368405b47491516d2091d6462d4d11f2f4974a405048094f8bfebfa3071c
  languageName: node
  linkType: hard

"debug@npm:~3.1.0":
  version: 3.1.0
  resolution: "debug@npm:3.1.0"
  dependencies:
    ms: 2.0.0
  checksum: 0b52718ab957254a5b3ca07fc34543bc778f358620c206a08452251eb7fc193c3ea3505072acbf4350219c14e2d71ceb7bdaa0d3370aa630b50da790458d08b3
  languageName: node
  linkType: hard

"deep-equal@npm:~1.0.1":
  version: 1.0.1
  resolution: "deep-equal@npm:1.0.1"
  checksum: 5af8cbfcebf190491878a498caccc7dc9592f8ebd1685b976eacc3825619d222b5e929923163b92c4f414494e2b884f7ebf00c022e8198e8292deb70dd9785f4
  languageName: node
  linkType: hard

"delegates@npm:^1.0.0":
  version: 1.0.0
  resolution: "delegates@npm:1.0.0"
  checksum: a51744d9b53c164ba9c0492471a1a2ffa0b6727451bdc89e31627fdf4adda9d51277cfcbfb20f0a6f08ccb3c436f341df3e92631a3440226d93a8971724771fd
  languageName: node
  linkType: hard

"depd@npm:^1.1.2, depd@npm:~1.1.2":
  version: 1.1.2
  resolution: "depd@npm:1.1.2"
  checksum: 6b406620d269619852885ce15965272b829df6f409724415e0002c8632ab6a8c0a08ec1f0bd2add05dc7bd7507606f7e2cc034fa24224ab829580040b835ecd9
  languageName: node
  linkType: hard

"destroy@npm:^1.0.4":
  version: 1.0.4
  resolution: "destroy@npm:1.0.4"
  checksum: da9ab4961dc61677c709da0c25ef01733042614453924d65636a7db37308fef8a24cd1e07172e61173d471ca175371295fbc984b0af5b2b4ff47cd57bd784c03
  languageName: node
  linkType: hard

"diagnostics@npm:^1.1.1":
  version: 1.1.1
  resolution: "diagnostics@npm:1.1.1"
  dependencies:
    colorspace: 1.1.x
    enabled: 1.0.x
    kuler: 1.0.x
  checksum: 6a40de43cf33d9300f26d4fff151e6a1f7d0b6feaf97e31c7ef8651072968a24374c1a150906b293a94702bb3f8683c03ed2cda9fabbfabff61da4b72dcd5a3a
  languageName: node
  linkType: hard

"echo-client@npm:2.0.0":
  version: 2.0.0
  resolution: "echo-client@npm:2.0.0"
  dependencies:
    babel-runtime: ^6.23.0
    debug: ^2.6.1
    node-fetch: ^2.0.0-alpha.3
  checksum: bbf011186eb74ff1ab136969eab4cc8809c81af87fc84858c49d859b85600fb7d76b0b58988468559ebc139dbd9417a02b3a7b98f5868ed4a72ddc2e9e310aab
  languageName: node
  linkType: hard

"ee-first@npm:1.1.1":
  version: 1.1.1
  resolution: "ee-first@npm:1.1.1"
  checksum: 1b4cac778d64ce3b582a7e26b218afe07e207a0f9bfe13cc7395a6d307849cfe361e65033c3251e00c27dd060cab43014c2d6b2647676135e18b77d2d05b3f4f
  languageName: node
  linkType: hard

"enabled@npm:1.0.x":
  version: 1.0.2
  resolution: "enabled@npm:1.0.2"
  dependencies:
    env-variable: 0.0.x
  checksum: 1384023547d3fe6c3b3e18b02f4f9d10831c2e2ac7610885cce32db47b8a6ee1f5cab2c44133e2e8b44e4732b157a4ca1440b5d834d96adb49aedac9421a1bda
  languageName: node
  linkType: hard

"env-variable@npm:0.0.x":
  version: 0.0.6
  resolution: "env-variable@npm:0.0.6"
  checksum: 8c3130111cfc264644611df5deea2599e9c0915413302c501df9cc37c5eb894a32944d8799f947bcf9b1485b8bb56f025219318463fc9956b87fb4cff2c9f56f
  languageName: node
  linkType: hard

"error-inject@npm:^1.0.0":
  version: 1.0.0
  resolution: "error-inject@npm:1.0.0"
  checksum: 258cb26c7c7e04d9b730d074926ff5e18755b6945781540fdd124cafc5015610d97e4b971eb3226469f407fd34fa899a60fbcf9ade8923ab42fa2a3c61e246cf
  languageName: node
  linkType: hard

"escape-html@npm:^1.0.3":
  version: 1.0.3
  resolution: "escape-html@npm:1.0.3"
  checksum: 6213ca9ae00d0ab8bccb6d8d4e0a98e76237b2410302cf7df70aaa6591d509a2a37ce8998008cbecae8fc8ffaadf3fb0229535e6a145f3ce0b211d060decbb24
  languageName: node
  linkType: hard

"fast-safe-stringify@npm:^2.0.4":
  version: 2.0.7
  resolution: "fast-safe-stringify@npm:2.0.7"
  checksum: e0055e231d1fe0f97863dcfb45f5f285d59e3d23210e1e8a31348829e4a584e04ffe49f5944a0ba2f21d753b67b0ecb6f0ffc49ecd8c7f6f531cbcd45a5f606b
  languageName: node
  linkType: hard

"fecha@npm:^4.2.0":
  version: 4.2.1
  resolution: "fecha@npm:4.2.1"
  checksum: 26993474949d94cd2de5eee7dfe283d671d5cd61acdba8819df478cbc86495273363f4a7e98d15ee51563110a38328d268982a6e9048169bce8f15aeba5931f9
  languageName: node
  linkType: hard

"follow-redirects@npm:^1.10.0":
  version: 1.14.1
  resolution: "follow-redirects@npm:1.14.1"
  peerDependenciesMeta:
    debug:
      optional: true
  checksum: 7381a55bdc6951c5c1ab73a8da99d9fa4c0496ce72dba92cd2ac2babe0e3ebde9b81c5bca889498ad95984bc773d713284ca2bb17f1b1e1416e5f6531e39a488
  languageName: node
  linkType: hard

"fresh@npm:~0.5.2":
  version: 0.5.2
  resolution: "fresh@npm:0.5.2"
  checksum: 13ea8b08f91e669a64e3ba3a20eb79d7ca5379a81f1ff7f4310d54e2320645503cc0c78daedc93dfb6191287295f6479544a649c64d8e41a1c0fb0c221552346
  languageName: node
  linkType: hard

"http-assert@npm:^1.3.0":
  version: 1.4.1
  resolution: "http-assert@npm:1.4.1"
  dependencies:
    deep-equal: ~1.0.1
    http-errors: ~1.7.2
  checksum: dd5d30eb458976572af1d1d72206b47e9194c9828ee0c93db79c802fc2536ec7ce9a0e802e0df8791e89553e51e3272de328f89bbee419a74e648090af36d2fa
  languageName: node
  linkType: hard

"http-errors@npm:^1.3.1, http-errors@npm:^1.6.3":
  version: 1.8.0
  resolution: "http-errors@npm:1.8.0"
  dependencies:
    depd: ~1.1.2
    inherits: 2.0.4
    setprototypeof: 1.2.0
    statuses: ">= 1.5.0 < 2"
    toidentifier: 1.0.0
  checksum: 873d997bada0340b31cc69cbe8376e47ee142f60375b81447fa3ad7be512dd4026afb3b46ed2257ee59472d43782a34151994b34264b204bcaad02e67ad836cb
  languageName: node
  linkType: hard

"http-errors@npm:~1.7.2":
  version: 1.7.3
  resolution: "http-errors@npm:1.7.3"
  dependencies:
    depd: ~1.1.2
    inherits: 2.0.4
    setprototypeof: 1.1.1
    statuses: ">= 1.5.0 < 2"
    toidentifier: 1.0.0
  checksum: a59f359473f4b3ea78305beee90d186268d6075432622a46fb7483059068a2dd4c854a20ac8cd438883127e06afb78c1309168bde6cdfeed1e3700eb42487d99
  languageName: node
  linkType: hard

"inherits@npm:2.0.4, inherits@npm:^2.0.3, inherits@npm:~2.0.3":
  version: 2.0.4
  resolution: "inherits@npm:2.0.4"
  checksum: 4a48a733847879d6cf6691860a6b1e3f0f4754176e4d71494c41f3475553768b10f84b5ce1d40fbd0e34e6bfbb864ee35858ad4dd2cf31e02fc4a154b724d7f1
  languageName: node
  linkType: hard

"is-arrayish@npm:^0.3.1":
  version: 0.3.2
  resolution: "is-arrayish@npm:0.3.2"
  checksum: 977e64f54d91c8f169b59afcd80ff19227e9f5c791fa28fa2e5bce355cbaf6c2c356711b734656e80c9dd4a854dd7efcf7894402f1031dfc5de5d620775b4d5f
  languageName: node
  linkType: hard

"is-generator-function@npm:^1.0.7":
  version: 1.0.9
  resolution: "is-generator-function@npm:1.0.9"
  checksum: 78e68709a0f145d2fd442c615db0ae40f542d49a3453f51bffb56409091bd0fa115767e1b61470dcdde45d085974517278c889632800b81a337226b87c397a1e
  languageName: node
  linkType: hard

"is-stream@npm:^1.1.0":
  version: 1.1.0
  resolution: "is-stream@npm:1.1.0"
  checksum: 063c6bec9d5647aa6d42108d4c59723d2bd4ae42135a2d4db6eadbd49b7ea05b750fd69d279e5c7c45cf9da753ad2c00d8978be354d65aa9f6bb434969c6a2ae
  languageName: node
  linkType: hard

"isarray@npm:0.0.1":
  version: 0.0.1
  resolution: "isarray@npm:0.0.1"
  checksum: 49191f1425681df4a18c2f0f93db3adb85573bcdd6a4482539d98eac9e705d8961317b01175627e860516a2fc45f8f9302db26e5a380a97a520e272e2a40a8d4
  languageName: node
  linkType: hard

"isarray@npm:~1.0.0":
  version: 1.0.0
  resolution: "isarray@npm:1.0.0"
  checksum: f032df8e02dce8ec565cf2eb605ea939bdccea528dbcf565cdf92bfa2da9110461159d86a537388ef1acef8815a330642d7885b29010e8f7eac967c9993b65ab
  languageName: node
  linkType: hard

"jose@npm:^1.28.1":
  version: 1.28.1
  resolution: "jose@npm:1.28.1"
  dependencies:
    "@panva/asn1.js": ^1.0.0
  checksum: b91458949df7df08810b7a896a10751f25d3108dfcc41af138dc01e8e5bf7f90ea510cdb3d6bc37e3a293ec7d5cc26fb587de7ce15785a8109892c412e5c0416
  languageName: node
  linkType: hard

"keygrip@npm:~1.0.3":
  version: 1.0.3
  resolution: "keygrip@npm:1.0.3"
  checksum: d07220267db8b11413aef4d95f5d5e9a4214809b33e64ce37a8ccd1f204289ae275257de0e4ebb6bee294bfd782ea85ef939fcb8e9fa7e71f0c09541fd4d25da
  languageName: node
  linkType: hard

"koa-compose@npm:^3.0.0":
  version: 3.2.1
  resolution: "koa-compose@npm:3.2.1"
  dependencies:
    any-promise: ^1.1.0
  checksum: ff8e5fc0348455acf751179c6c613eb030a5fac6406d3b49ae9e00460b7ee8770db3ef62633fd3db0306cd4a6d2a0b5152399ebd5bb5e684418f9eeeb251c2de
  languageName: node
  linkType: hard

"koa-compose@npm:^4.1.0":
  version: 4.2.0
  resolution: "koa-compose@npm:4.2.0"
  checksum: 2247ebf5b3396af4877302a20c229566b9a59b3ec816ae989dc1297b0f71612d4046a6ddef7114427671a99486b4cae885bbd2ccc0174727dbc270ec063f5e15
  languageName: node
  linkType: hard

"koa-convert@npm:^1.2.0":
  version: 1.2.0
  resolution: "koa-convert@npm:1.2.0"
  dependencies:
    co: ^4.6.0
    koa-compose: ^3.0.0
  checksum: a33944dbda4ed87565985f5b37ba1122a012db872724b216b6fd8f9176d4bba42c4a9bf3c129330e45f6474d28f50ca0ed28d41b9bccd2ab5d36d6436cf0d676
  languageName: node
  linkType: hard

"koa-is-json@npm:^1.0.0":
  version: 1.0.0
  resolution: "koa-is-json@npm:1.0.0"
  checksum: 0f14a7780d7ca0caeda5981ab425b66dd9711fd1bc7a25c091b38331ade8861a2eea41ac9fec7f96537302690de68fe1213b576f2c765ff3b5be3c23e995fbe2
  languageName: node
  linkType: hard

"koa-router@npm:7.4.0":
  version: 7.4.0
  resolution: "koa-router@npm:7.4.0"
  dependencies:
    debug: ^3.1.0
    http-errors: ^1.3.1
    koa-compose: ^3.0.0
    methods: ^1.0.1
    path-to-regexp: ^1.1.1
    urijs: ^1.19.0
  checksum: fa39643a00d12964e0c0479beb9987b58b4a68367b0f2e93a5b9b7187912442ca50ceda31c084b49407d77ea4d9ba1fbcc432170cc528f5774dee738df9dcb4e
  languageName: node
  linkType: hard

"koa@npm:2.8.1":
  version: 2.8.1
  resolution: "koa@npm:2.8.1"
  dependencies:
    accepts: ^1.3.5
    cache-content-type: ^1.0.0
    content-disposition: ~0.5.2
    content-type: ^1.0.4
    cookies: ~0.7.1
    debug: ~3.1.0
    delegates: ^1.0.0
    depd: ^1.1.2
    destroy: ^1.0.4
    error-inject: ^1.0.0
    escape-html: ^1.0.3
    fresh: ~0.5.2
    http-assert: ^1.3.0
    http-errors: ^1.6.3
    is-generator-function: ^1.0.7
    koa-compose: ^4.1.0
    koa-convert: ^1.2.0
    koa-is-json: ^1.0.0
    on-finished: ^2.3.0
    only: ~0.0.2
    parseurl: ^1.3.2
    statuses: ^1.5.0
    type-is: ^1.6.16
    vary: ^1.1.2
  checksum: f37656a85fd0e873688cea5edbf892f5722078856097ff2ceba199b2f5dd7d15288dc78e25c57362ec4989063d46cc664a01a52d7466213086661f5a800ebc84
  languageName: node
  linkType: hard

"kuler@npm:1.0.x":
  version: 1.0.1
  resolution: "kuler@npm:1.0.1"
  dependencies:
    colornames: ^1.1.1
  checksum: c725c179099ca414ed7419e192313ffda23c6b130b644a6426f22b71f88fa42acf94575ef4a5e95f1ce03a40d515780ba1d322a790cc94a8d6e819636ea7fabd
  languageName: node
  linkType: hard

"lodash@npm:^4.17.14":
  version: 4.17.21
  resolution: "lodash@npm:4.17.21"
  checksum: eb835a2e51d381e561e508ce932ea50a8e5a68f4ebdd771ea240d3048244a8d13658acbd502cd4829768c56f2e16bdd4340b9ea141297d472517b83868e677f7
  languageName: node
  linkType: hard

"logform@npm:^2.1.1":
  version: 2.2.0
  resolution: "logform@npm:2.2.0"
  dependencies:
    colors: ^1.2.1
    fast-safe-stringify: ^2.0.4
    fecha: ^4.2.0
    ms: ^2.1.1
    triple-beam: ^1.3.0
  checksum: 07319bfd50dacf69a4a3bc81cd6f5fab2f52d247ba5d2d2df99141f6b62f787f7fbb0353046650da90329d4030f265632d5f995706612ed9cb2c70281866007e
  languageName: node
  linkType: hard

"logform@npm:^2.2.0":
  version: 2.4.2
  resolution: "logform@npm:2.4.2"
  dependencies:
    "@colors/colors": 1.5.0
    fecha: ^4.2.0
    ms: ^2.1.1
    safe-stable-stringify: ^2.3.1
    triple-beam: ^1.3.0
  checksum: 3d00f4e1ccaf0a86886aabbf66d1f1d207441d5b408f103457da6d64d055aee76c02af4b40a31ca77a1db4cbcdecb007149f731536c39cbd89b7b6ba3dda6d7b
  languageName: node
  linkType: hard

"media-typer@npm:0.3.0":
  version: 0.3.0
  resolution: "media-typer@npm:0.3.0"
  checksum: af1b38516c28ec95d6b0826f6c8f276c58aec391f76be42aa07646b4e39d317723e869700933ca6995b056db4b09a78c92d5440dc23657e6764be5d28874bba1
  languageName: node
  linkType: hard

"methods@npm:^1.0.1":
  version: 1.1.2
  resolution: "methods@npm:1.1.2"
  checksum: 0917ff4041fa8e2f2fda5425a955fe16ca411591fbd123c0d722fcf02b73971ed6f764d85f0a6f547ce49ee0221ce2c19a5fa692157931cecb422984f1dcd13a
  languageName: node
  linkType: hard

"mime-db@npm:1.48.0":
  version: 1.48.0
  resolution: "mime-db@npm:1.48.0"
  checksum: d778392e474a5e78c24eef5a2894261f0ed168d2762c1ac2a115aa34c2274c9426178b92a6cc55e9edb8f13e7e9b8116380b0e61db9ff6d763e62876a65eea57
  languageName: node
  linkType: hard

"mime-types@npm:^2.1.18, mime-types@npm:~2.1.24":
  version: 2.1.31
  resolution: "mime-types@npm:2.1.31"
  dependencies:
    mime-db: 1.48.0
  checksum: eb1612aa96403823c7a2ccb1a39d58ce11477e685560186e7d369d8164260fd6fc1eeb56fa23acb6a4050583f417b2a685b69c23eb2bd8ed169fb0c6e323740a
  languageName: node
  linkType: hard

"ms@npm:2.0.0":
  version: 2.0.0
  resolution: "ms@npm:2.0.0"
  checksum: 0e6a22b8b746d2e0b65a430519934fefd41b6db0682e3477c10f60c76e947c4c0ad06f63ffdf1d78d335f83edee8c0aa928aa66a36c7cd95b69b26f468d527f4
  languageName: node
  linkType: hard

"ms@npm:^2.1.1":
  version: 2.1.3
  resolution: "ms@npm:2.1.3"
  checksum: aa92de608021b242401676e35cfa5aa42dd70cbdc082b916da7fb925c542173e36bce97ea3e804923fe92c0ad991434e4a38327e15a1b5b5f945d66df615ae6d
  languageName: node
  linkType: hard

"negotiator@npm:0.6.2":
  version: 0.6.2
  resolution: "negotiator@npm:0.6.2"
  checksum: dfddaff6c06792f1c4c3809e29a427b8daef8cd437c83b08dd51d7ee11bbd1c29d9512d66b801144d6c98e910ffd8723f2432e0cbf8b18d41d2a09599c975ab3
  languageName: node
  linkType: hard

"node-fetch@npm:^2.0.0-alpha.3":
  version: 2.6.1
  resolution: "node-fetch@npm:2.6.1"
  checksum: 91075bedd57879117e310fbcc36983ad5d699e522edb1ebcdc4ee5294c982843982652925c3532729fdc86b2d64a8a827797a745f332040d91823c8752ee4d7c
  languageName: node
  linkType: hard

"notes@workspace:.":
  version: 0.0.0-use.local
  resolution: "notes@workspace:."
  dependencies:
    "@a-team/note-utils": 1.40.0
    "@a-team/types": 4.226.1
    prettier: ^2.1.1
  languageName: unknown
  linkType: soft

"on-finished@npm:^2.3.0":
  version: 2.3.0
  resolution: "on-finished@npm:2.3.0"
  dependencies:
    ee-first: 1.1.1
  checksum: 1db595bd963b0124d6fa261d18320422407b8f01dc65863840f3ddaaf7bcad5b28ff6847286703ca53f4ec19595bd67a2f1253db79fc4094911ec6aa8df1671b
  languageName: node
  linkType: hard

"one-time@npm:0.0.4":
  version: 0.0.4
  resolution: "one-time@npm:0.0.4"
  checksum: e9fad490b9940292d97b73679dec7e4edbc4fbc8bddfba3c1e415c11909a3aecd99b35b9e91ad67f889aee97eabefad708624994cbfdb4674c02ef1647e4e167
  languageName: node
  linkType: hard

"only@npm:~0.0.2":
  version: 0.0.2
  resolution: "only@npm:0.0.2"
  checksum: d399710db867a1ef436dd3ce74499c87ece794aa81ab0370b5d153968766ee4aed2f98d3f92fc87c963e45b7a74d400d6f463ef651a5e7cfb861b15e88e9efe6
  languageName: node
  linkType: hard

"opossum@npm:5.1.3":
  version: 5.1.3
  resolution: "opossum@npm:5.1.3"
  checksum: f67cdf487dccec78f5232f66ea8eab9af60a44bd6199aef8f4c90b982b765f4ecc95e802759025fcc7152de3c2d2192fcd0ea89113d93d5b7162221198eb6088
  languageName: node
  linkType: hard

"parseurl@npm:^1.3.2":
  version: 1.3.3
  resolution: "parseurl@npm:1.3.3"
  checksum: 407cee8e0a3a4c5cd472559bca8b6a45b82c124e9a4703302326e9ab60fc1081442ada4e02628efef1eb16197ddc7f8822f5a91fd7d7c86b51f530aedb17dfa2
  languageName: node
  linkType: hard

"path-to-regexp@npm:^1.1.1":
  version: 1.8.0
  resolution: "path-to-regexp@npm:1.8.0"
  dependencies:
    isarray: 0.0.1
  checksum: 709f6f083c0552514ef4780cb2e7e4cf49b0cc89a97439f2b7cc69a608982b7690fb5d1720a7473a59806508fc2dae0be751ba49f495ecf89fd8fbc62abccbcd
  languageName: node
  linkType: hard

"prettier@npm:^2.1.1":
  version: 2.1.1
  resolution: "prettier@npm:2.1.1"
  bin:
    prettier: bin-prettier.js
  checksum: c6cd8449f9ce78b7b44533072d36e17dd85d5adcc6f883d8dd8d266fa226ae8b0e91090162445c42641cbd264af94faec0fa2939661ec6f610a20a7b1fcd1889
  languageName: node
  linkType: hard

"process-nextick-args@npm:~2.0.0":
  version: 2.0.1
  resolution: "process-nextick-args@npm:2.0.1"
  checksum: 1d38588e520dab7cea67cbbe2efdd86a10cc7a074c09657635e34f035277b59fbb57d09d8638346bf7090f8e8ebc070c96fa5fd183b777fff4f5edff5e9466cf
  languageName: node
  linkType: hard

"readable-stream@npm:^2.3.7":
  version: 2.3.7
  resolution: "readable-stream@npm:2.3.7"
  dependencies:
    core-util-is: ~1.0.0
    inherits: ~2.0.3
    isarray: ~1.0.0
    process-nextick-args: ~2.0.0
    safe-buffer: ~5.1.1
    string_decoder: ~1.1.1
    util-deprecate: ~1.0.1
  checksum: e4920cf7549a60f8aaf694d483a0e61b2a878b969d224f89b3bc788b8d920075132c4b55a7494ee944c7b6a9a0eada28a7f6220d80b0312ece70bbf08eeca755
  languageName: node
  linkType: hard

"readable-stream@npm:^3.1.1":
  version: 3.6.0
  resolution: "readable-stream@npm:3.6.0"
  dependencies:
    inherits: ^2.0.3
    string_decoder: ^1.1.1
    util-deprecate: ^1.0.1
  checksum: d4ea81502d3799439bb955a3a5d1d808592cf3133350ed352aeaa499647858b27b1c4013984900238b0873ec8d0d8defce72469fb7a83e61d53f5ad61cb80dc8
  languageName: node
  linkType: hard

"regenerator-runtime@npm:^0.11.0":
  version: 0.11.1
  resolution: "regenerator-runtime@npm:0.11.1"
  checksum: 3c97bd2c7b2b3247e6f8e2147a002eb78c995323732dad5dc70fac8d8d0b758d0295e7015b90d3d444446ae77cbd24b9f9123ec3a77018e81d8999818301b4f4
  languageName: node
  linkType: hard

"safe-buffer@npm:5.1.2, safe-buffer@npm:~5.1.0, safe-buffer@npm:~5.1.1":
  version: 5.1.2
  resolution: "safe-buffer@npm:5.1.2"
  checksum: f2f1f7943ca44a594893a852894055cf619c1fbcb611237fc39e461ae751187e7baf4dc391a72125e0ac4fb2d8c5c0b3c71529622e6a58f46b960211e704903c
  languageName: node
  linkType: hard

"safe-buffer@npm:~5.2.0":
  version: 5.2.1
  resolution: "safe-buffer@npm:5.2.1"
  checksum: b99c4b41fdd67a6aaf280fcd05e9ffb0813654894223afb78a31f14a19ad220bba8aba1cb14eddce1fcfb037155fe6de4e861784eb434f7d11ed58d1e70dd491
  languageName: node
  linkType: hard

"safe-stable-stringify@npm:^2.3.1":
  version: 2.3.1
  resolution: "safe-stable-stringify@npm:2.3.1"
  checksum: a0a0bad0294c3e2a9d1bf3cf2b1096dfb83c162d09a5e4891e488cce082120bd69161d2a92aae7fc48255290f17700decae9c89a07fe139794e61b5c8b411377
  languageName: node
  linkType: hard

"setprototypeof@npm:1.1.1":
  version: 1.1.1
  resolution: "setprototypeof@npm:1.1.1"
  checksum: a8bee29c1c64c245d460ce53f7460af8cbd0aceac68d66e5215153992cc8b3a7a123416353e0c642060e85cc5fd4241c92d1190eec97eda0dcb97436e8fcca3b
  languageName: node
  linkType: hard

"setprototypeof@npm:1.2.0":
  version: 1.2.0
  resolution: "setprototypeof@npm:1.2.0"
  checksum: be18cbbf70e7d8097c97f713a2e76edf84e87299b40d085c6bf8b65314e994cc15e2e317727342fa6996e38e1f52c59720b53fe621e2eb593a6847bf0356db89
  languageName: node
  linkType: hard

"simple-swizzle@npm:^0.2.2":
  version: 0.2.2
  resolution: "simple-swizzle@npm:0.2.2"
  dependencies:
    is-arrayish: ^0.3.1
  checksum: a7f3f2ab5c76c4472d5c578df892e857323e452d9f392e1b5cf74b74db66e6294a1e1b8b390b519fa1b96b5b613f2a37db6cffef52c3f1f8f3c5ea64eb2d54c0
  languageName: node
  linkType: hard

"stack-trace@npm:0.0.x":
  version: 0.0.10
  resolution: "stack-trace@npm:0.0.10"
  checksum: 473036ad32f8c00e889613153d6454f9be0536d430eb2358ca51cad6b95cea08a3cc33cc0e34de66b0dad221582b08ed2e61ef8e13f4087ab690f388362d6610
  languageName: node
  linkType: hard

"statuses@npm:>= 1.5.0 < 2, statuses@npm:^1.5.0":
  version: 1.5.0
  resolution: "statuses@npm:1.5.0"
  checksum: c469b9519de16a4bb19600205cffb39ee471a5f17b82589757ca7bd40a8d92ebb6ed9f98b5a540c5d302ccbc78f15dc03cc0280dd6e00df1335568a5d5758a5c
  languageName: node
  linkType: hard

"string_decoder@npm:^1.1.1":
  version: 1.3.0
  resolution: "string_decoder@npm:1.3.0"
  dependencies:
    safe-buffer: ~5.2.0
  checksum: 8417646695a66e73aefc4420eb3b84cc9ffd89572861fe004e6aeb13c7bc00e2f616247505d2dbbef24247c372f70268f594af7126f43548565c68c117bdeb56
  languageName: node
  linkType: hard

"string_decoder@npm:~1.1.1":
  version: 1.1.1
  resolution: "string_decoder@npm:1.1.1"
  dependencies:
    safe-buffer: ~5.1.0
  checksum: 9ab7e56f9d60a28f2be697419917c50cac19f3e8e6c28ef26ed5f4852289fe0de5d6997d29becf59028556f2c62983790c1d9ba1e2a3cc401768ca12d5183a5b
  languageName: node
  linkType: hard

"text-hex@npm:1.0.x":
  version: 1.0.0
  resolution: "text-hex@npm:1.0.0"
  checksum: 1138f68adc97bf4381a302a24e2352f04992b7b1316c5003767e9b0d3367ffd0dc73d65001ea02b07cd0ecc2a9d186de0cf02f3c2d880b8a522d4ccb9342244a
  languageName: node
  linkType: hard

"toidentifier@npm:1.0.0":
  version: 1.0.0
  resolution: "toidentifier@npm:1.0.0"
  checksum: 199e6bfca1531d49b3506cff02353d53ec987c9ee10ee272ca6484ed97f1fc10fb77c6c009079ca16d5c5be4a10378178c3cacdb41ce9ec954c3297c74c6053e
  languageName: node
  linkType: hard

"triple-beam@npm:^1.2.0, triple-beam@npm:^1.3.0":
  version: 1.3.0
  resolution: "triple-beam@npm:1.3.0"
  checksum: 7d7b77d8625fb252c126c24984a68de462b538a8fcd1de2abd0a26421629cf3527d48e23b3c2264f08f4a6c3bc40a478a722176f4d7b6a1acc154cb70c359f2b
  languageName: node
  linkType: hard

"type-fest@npm:^0.20.2":
  version: 0.20.2
  resolution: "type-fest@npm:0.20.2"
  checksum: 4fb3272df21ad1c552486f8a2f8e115c09a521ad7a8db3d56d53718d0c907b62c6e9141ba5f584af3f6830d0872c521357e512381f24f7c44acae583ad517d73
  languageName: node
  linkType: hard

"type-is@npm:^1.6.16":
  version: 1.6.18
  resolution: "type-is@npm:1.6.18"
  dependencies:
    media-typer: 0.3.0
    mime-types: ~2.1.24
  checksum: 2c8e47675d55f8b4e404bcf529abdf5036c537a04c2b20177bcf78c9e3c1da69da3942b1346e6edb09e823228c0ee656ef0e033765ec39a70d496ef601a0c657
  languageName: node
  linkType: hard

"urijs@npm:^1.19.0":
  version: 1.19.6
  resolution: "urijs@npm:1.19.6"
  checksum: 78b841e6f6a4abfad8c75e9e497fa5ea51527ea484cb24d3ac9f26338a57dcd41c10d14e11a94fe4699706350d2f03502a02ad712b3940fc6efe2178d9082f00
  languageName: node
  linkType: hard

"util-deprecate@npm:^1.0.1, util-deprecate@npm:~1.0.1":
  version: 1.0.2
  resolution: "util-deprecate@npm:1.0.2"
  checksum: 474acf1146cb2701fe3b074892217553dfcf9a031280919ba1b8d651a068c9b15d863b7303cb15bd00a862b498e6cf4ad7b4a08fb134edd5a6f7641681cb54a2
  languageName: node
  linkType: hard

"vary@npm:^1.1.2":
  version: 1.1.2
  resolution: "vary@npm:1.1.2"
  checksum: ae0123222c6df65b437669d63dfa8c36cee20a504101b2fcd97b8bf76f91259c17f9f2b4d70a1e3c6bbcee7f51b28392833adb6b2770b23b01abec84e369660b
  languageName: node
  linkType: hard

"winston-transport@npm:^4.3.0":
  version: 4.4.0
  resolution: "winston-transport@npm:4.4.0"
  dependencies:
    readable-stream: ^2.3.7
    triple-beam: ^1.2.0
  checksum: 953d78d152b355962d97697c3ccdc26fda6be017a0e1e555729e218d1269aa32a60e9ff16eb7a72c6403f733e88bab664b259feae3857667b54ff8e2f149fa52
  languageName: node
  linkType: hard

"winston@npm:3.2.1":
  version: 3.2.1
  resolution: "winston@npm:3.2.1"
  dependencies:
    async: ^2.6.1
    diagnostics: ^1.1.1
    is-stream: ^1.1.0
    logform: ^2.1.1
    one-time: 0.0.4
    readable-stream: ^3.1.1
    stack-trace: 0.0.x
    triple-beam: ^1.3.0
    winston-transport: ^4.3.0
  checksum: 5265d0a1ed53bedc0e7bbcba17c33aefb2b5486cd37586a386eac1ac584380062f7120f298696aba3b9b4b2a1f4ee760128a8631bdf749c3253bb7b1aaeb587d
  languageName: node
  linkType: hard

"ylru@npm:^1.2.0":
  version: 1.2.1
  resolution: "ylru@npm:1.2.1"
  checksum: 33c45248becece949d4511a13f66b2330852f6226da6c2842bf16f0b0ee45bbbfcdf6b8da3d4c52d6cd5106818eeb3674dd73a17e87c945d1839c470107549e2
  languageName: node
  linkType: hard
